
Microsoft Visual Studio Solution File, Format Version 12.00
# Visual Studio 15
VisualStudioVersion = 15.0.27130.2010
MinimumVisualStudioVersion = 10.0.40219.1
Project("{FAE04EC0-301F-11D3-BF4B-00C04F79EFBC}") = "DotNetCoreWebApplication.API", "DotNetCoreWebApplication.API\DotNetCoreWebApplication.API.csproj", "{431448A0-474B-4E86-A589-5B21CF029847}"
EndProject
Project("{2150E333-8FDC-42A3-9474-1A3956D46DE8}") = "1 - Apresentacao", "1 - Apresentacao", "{D8B69B4D-6B99-4185-A353-96282B843A42}"
EndProject
Project("{2150E333-8FDC-42A3-9474-1A3956D46DE8}") = "2 - Aplicacao", "2 - Aplicacao", "{AE0AADFF-301E-4F63-B26A-590E92823AA6}"
EndProject
Project("{2150E333-8FDC-42A3-9474-1A3956D46DE8}") = "3 - Repositorio", "3 - Repositorio", "{0EF03A4F-9BF7-4611-B49E-A406A11BA919}"
EndProject
Project("{2150E333-8FDC-42A3-9474-1A3956D46DE8}") = "4 - Dominio", "4 - Dominio", "{76AF4DAA-159B-4BA0-9987-FE66ADEF90A9}"
EndProject
Project("{2150E333-8FDC-42A3-9474-1A3956D46DE8}") = "5 - Injetor", "5 - Injetor", "{A224422C-915A-48A1-B35C-6C8696F25C2B}"
EndProject
Project("{FAE04EC0-301F-11D3-BF4B-00C04F79EFBC}") = "Injetor", "Injetor\Injetor.csproj", "{556FEC05-8E31-463F-8E95-CBDC47498EEA}"
EndProject
Project("{FAE04EC0-301F-11D3-BF4B-00C04F79EFBC}") = "DotNetCoreWebApplication.MVC", "DotNetCoreWebApplication.MVC\DotNetCoreWebApplication.MVC.csproj", "{33291230-2182-4442-9926-171E36E619F0}"
EndProject
Project("{FAE04EC0-301F-11D3-BF4B-00C04F79EFBC}") = "Aplicacao", "Aplicacao\Aplicacao.csproj", "{D42F3103-219C-4BF7-9E34-42856041CC6B}"
EndProject
Project("{FAE04EC0-301F-11D3-BF4B-00C04F79EFBC}") = "Repositorio", "Repositorio\Repositorio.csproj", "{BD40B197-34DE-4C2E-A6FB-E78F8AD6A569}"
EndProject
Project("{FAE04EC0-301F-11D3-BF4B-00C04F79EFBC}") = "Dominio.Dto", "Dominio.Dto\Dominio.Dto.csproj", "{9F3DFBB3-1904-4C0C-B3C7-BB26F66C2E66}"
EndProject
Project("{FAE04EC0-301F-11D3-BF4B-00C04F79EFBC}") = "Dominio.Entidade", "Dominio.Entidade\Dominio.Entidade.csproj", "{92562915-0F67-426C-8884-DA84BFED6F13}"
EndProject
Project("{FAE04EC0-301F-11D3-BF4B-00C04F79EFBC}") = "Dominio.Interface.Repositorio", "Dominio.Interface.Repositorio\Dominio.Interface.Repositorio.csproj", "{1A5B4AEE-C777-470A-9EB9-02970ED2B673}"
EndProject
Project("{FAE04EC0-301F-11D3-BF4B-00C04F79EFBC}") = "Dominio.Interface.Processo", "Dominio.Interface.Processo\Dominio.Interface.Processo.csproj", "{FB769737-2271-460B-9334-51FD56DC4D62}"
EndProject
Global
	GlobalSection(SolutionConfigurationPlatforms) = preSolution
		Debug|Any CPU = Debug|Any CPU
		Release|Any CPU = Release|Any CPU
	EndGlobalSection
	GlobalSection(ProjectConfigurationPlatforms) = postSolution
		{431448A0-474B-4E86-A589-5B21CF029847}.Debug|Any CPU.ActiveCfg = Debug|Any CPU
		{431448A0-474B-4E86-A589-5B21CF029847}.Debug|Any CPU.Build.0 = Debug|Any CPU
		{431448A0-474B-4E86-A589-5B21CF029847}.Release|Any CPU.ActiveCfg = Release|Any CPU
		{431448A0-474B-4E86-A589-5B21CF029847}.Release|Any CPU.Build.0 = Release|Any CPU
		{556FEC05-8E31-463F-8E95-CBDC47498EEA}.Debug|Any CPU.ActiveCfg = Debug|Any CPU
		{556FEC05-8E31-463F-8E95-CBDC47498EEA}.Debug|Any CPU.Build.0 = Debug|Any CPU
		{556FEC05-8E31-463F-8E95-CBDC47498EEA}.Release|Any CPU.ActiveCfg = Release|Any CPU
		{556FEC05-8E31-463F-8E95-CBDC47498EEA}.Release|Any CPU.Build.0 = Release|Any CPU
		{33291230-2182-4442-9926-171E36E619F0}.Debug|Any CPU.ActiveCfg = Debug|Any CPU
		{33291230-2182-4442-9926-171E36E619F0}.Debug|Any CPU.Build.0 = Debug|Any CPU
		{33291230-2182-4442-9926-171E36E619F0}.Release|Any CPU.ActiveCfg = Release|Any CPU
		{33291230-2182-4442-9926-171E36E619F0}.Release|Any CPU.Build.0 = Release|Any CPU
		{D42F3103-219C-4BF7-9E34-42856041CC6B}.Debug|Any CPU.ActiveCfg = Debug|Any CPU
		{D42F3103-219C-4BF7-9E34-42856041CC6B}.Debug|Any CPU.Build.0 = Debug|Any CPU
		{D42F3103-219C-4BF7-9E34-42856041CC6B}.Release|Any CPU.ActiveCfg = Release|Any CPU
		{D42F3103-219C-4BF7-9E34-42856041CC6B}.Release|Any CPU.Build.0 = Release|Any CPU
		{BD40B197-34DE-4C2E-A6FB-E78F8AD6A569}.Debug|Any CPU.ActiveCfg = Debug|Any CPU
		{BD40B197-34DE-4C2E-A6FB-E78F8AD6A569}.Debug|Any CPU.Build.0 = Debug|Any CPU
		{BD40B197-34DE-4C2E-A6FB-E78F8AD6A569}.Release|Any CPU.ActiveCfg = Release|Any CPU
		{BD40B197-34DE-4C2E-A6FB-E78F8AD6A569}.Release|Any CPU.Build.0 = Release|Any CPU
		{9F3DFBB3-1904-4C0C-B3C7-BB26F66C2E66}.Debug|Any CPU.ActiveCfg = Debug|Any CPU
		{9F3DFBB3-1904-4C0C-B3C7-BB26F66C2E66}.Debug|Any CPU.Build.0 = Debug|Any CPU
		{9F3DFBB3-1904-4C0C-B3C7-BB26F66C2E66}.Release|Any CPU.ActiveCfg = Release|Any CPU
		{9F3DFBB3-1904-4C0C-B3C7-BB26F66C2E66}.Release|Any CPU.Build.0 = Release|Any CPU
		{92562915-0F67-426C-8884-DA84BFED6F13}.Debug|Any CPU.ActiveCfg = Debug|Any CPU
		{92562915-0F67-426C-8884-DA84BFED6F13}.Debug|Any CPU.Build.0 = Debug|Any CPU
		{92562915-0F67-426C-8884-DA84BFED6F13}.Release|Any CPU.ActiveCfg = Release|Any CPU
		{92562915-0F67-426C-8884-DA84BFED6F13}.Release|Any CPU.Build.0 = Release|Any CPU
		{1A5B4AEE-C777-470A-9EB9-02970ED2B673}.Debug|Any CPU.ActiveCfg = Debug|Any CPU
		{1A5B4AEE-C777-470A-9EB9-02970ED2B673}.Debug|Any CPU.Build.0 = Debug|Any CPU
		{1A5B4AEE-C777-470A-9EB9-02970ED2B673}.Release|Any CPU.ActiveCfg = Release|Any CPU
		{1A5B4AEE-C777-470A-9EB9-02970ED2B673}.Release|Any CPU.Build.0 = Release|Any CPU
		{FB769737-2271-460B-9334-51FD56DC4D62}.Debug|Any CPU.ActiveCfg = Debug|Any CPU
		{FB769737-2271-460B-9334-51FD56DC4D62}.Debug|Any CPU.Build.0 = Debug|Any CPU
		{FB769737-2271-460B-9334-51FD56DC4D62}.Release|Any CPU.ActiveCfg = Release|Any CPU
		{FB769737-2271-460B-9334-51FD56DC4D62}.Release|Any CPU.Build.0 = Release|Any CPU
	EndGlobalSection
	GlobalSection(SolutionProperties) = preSolution
		HideSolutionNode = FALSE
	EndGlobalSection
	GlobalSection(NestedProjects) = preSolution
		{431448A0-474B-4E86-A589-5B21CF029847} = {D8B69B4D-6B99-4185-A353-96282B843A42}
		{556FEC05-8E31-463F-8E95-CBDC47498EEA} = {A224422C-915A-48A1-B35C-6C8696F25C2B}
		{33291230-2182-4442-9926-171E36E619F0} = {D8B69B4D-6B99-4185-A353-96282B843A42}
		{D42F3103-219C-4BF7-9E34-42856041CC6B} = {AE0AADFF-301E-4F63-B26A-590E92823AA6}
		{BD40B197-34DE-4C2E-A6FB-E78F8AD6A569} = {0EF03A4F-9BF7-4611-B49E-A406A11BA919}
		{9F3DFBB3-1904-4C0C-B3C7-BB26F66C2E66} = {76AF4DAA-159B-4BA0-9987-FE66ADEF90A9}
		{92562915-0F67-426C-8884-DA84BFED6F13} = {76AF4DAA-159B-4BA0-9987-FE66ADEF90A9}
		{1A5B4AEE-C777-470A-9EB9-02970ED2B673} = {76AF4DAA-159B-4BA0-9987-FE66ADEF90A9}
		{FB769737-2271-460B-9334-51FD56DC4D62} = {76AF4DAA-159B-4BA0-9987-FE66ADEF90A9}
	EndGlobalSection
	GlobalSection(ExtensibilityGlobals) = postSolution
		SolutionGuid = {DE207302-546A-451C-A729-4FBFC4475C2F}
	EndGlobalSection
EndGlobal
